
Microsoft Visual Studio Solution File, Format Version 12.00
# Visual Studio Version 17
VisualStudioVersion = 17.3.32922.545
MinimumVisualStudioVersion = 10.0.40219.1
Project("{FAE04EC0-301F-11D3-BF4B-00C04F79EFBC}") = "SpotifyCasus", "SpotifyCasus\SpotifyCasus.csproj", "{B0493D62-C10B-4902-9398-323BFBAEB48B}"
EndProject
Global
	GlobalSection(SolutionConfigurationPlatforms) = preSolution
		Debug|Any CPU = Debug|Any CPU
		Release|Any CPU = Release|Any CPU
	EndGlobalSection
	GlobalSection(ProjectConfigurationPlatforms) = postSolution
		{B0493D62-C10B-4902-9398-323BFBAEB48B}.Debug|Any CPU.ActiveCfg = Debug|Any CPU
		{B0493D62-C10B-4902-9398-323BFBAEB48B}.Debug|Any CPU.Build.0 = Debug|Any CPU
		{B0493D62-C10B-4902-9398-323BFBAEB48B}.Release|Any CPU.ActiveCfg = Release|Any CPU
		{B0493D62-C10B-4902-9398-323BFBAEB48B}.Release|Any CPU.Build.0 = Release|Any CPU
	EndGlobalSection
	GlobalSection(SolutionProperties) = preSolution
		HideSolutionNode = FALSE
	EndGlobalSection
	GlobalSection(ExtensibilityGlobals) = postSolution
		SolutionGuid = {5C63B218-5ADC-4DB7-992B-3D2C569508C3}
	EndGlobalSection
EndGlobal
